
Microsoft Visual Studio Solution File, Format Version 12.00
# Visual Studio 15
VisualStudioVersion = 15.0.27004.2009
MinimumVisualStudioVersion = 10.0.40219.1
Project("{2150E333-8FDC-42A3-9474-1A3956D46DE8}") = "AdministrationContext", "AdministrationContext", "{F797475F-8D3A-4855-B347-841C45315292}"
EndProject
Project("{2150E333-8FDC-42A3-9474-1A3956D46DE8}") = "CollaborationContext", "CollaborationContext", "{B3C98026-883A-4E60-B815-DCEAB6024D6B}"
EndProject
Project("{2150E333-8FDC-42A3-9474-1A3956D46DE8}") = "SecurityContext", "SecurityContext", "{67DB168E-3A95-4099-8269-5FBCEF01A027}"
EndProject
Project("{FAE04EC0-301F-11D3-BF4B-00C04F79EFBC}") = "Security.API", "Security.API\Security.API.csproj", "{6FBEA1E0-C5FB-4A12-9042-464373CD67E5}"
EndProject
Project("{FAE04EC0-301F-11D3-BF4B-00C04F79EFBC}") = "Security.Domain", "Security.Domain\Security.Domain.csproj", "{7822BE59-7CC7-44CC-AFA0-625D8D998FDE}"
EndProject
Project("{FAE04EC0-301F-11D3-BF4B-00C04F79EFBC}") = "Security.Infrastructure", "Security.Infrastructure\Security.Infrastructure.csproj", "{BD8A0DB3-50EC-4CAB-A817-8A986692A2E5}"
EndProject
Project("{FAE04EC0-301F-11D3-BF4B-00C04F79EFBC}") = "Administration.API", "Administration.API\Administration.API.csproj", "{CB532FBD-F345-4097-91DD-1DC2D07338BA}"
EndProject
Project("{FAE04EC0-301F-11D3-BF4B-00C04F79EFBC}") = "Administration.Domain", "Administration.Domain\Administration.Domain.csproj", "{C2388695-4FFA-426B-AF00-4409B921818C}"
EndProject
Project("{FAE04EC0-301F-11D3-BF4B-00C04F79EFBC}") = "Administration.Infrastructure", "Administration.Infrastructure\Administration.Infrastructure.csproj", "{69EA0367-55A5-4CD7-9786-3C9EBAB9C158}"
EndProject
Project("{FAE04EC0-301F-11D3-BF4B-00C04F79EFBC}") = "Collaboration.API", "Collaboration.API\Collaboration.API.csproj", "{3D19434F-B5FB-4A90-B8F7-2E6DF1AD0D77}"
EndProject
Project("{FAE04EC0-301F-11D3-BF4B-00C04F79EFBC}") = "Collaboration.Domain", "Collaboration.Domain\Collaboration.Domain.csproj", "{BDA3A574-69AD-4A60-A53C-E8556882D4C2}"
EndProject
Project("{FAE04EC0-301F-11D3-BF4B-00C04F79EFBC}") = "Collaboration.Infrastructure", "Collaboration.Infrastructure\Collaboration.Infrastructure.csproj", "{35185F2A-C253-4EEB-8A64-FE753B827567}"
EndProject
Global
	GlobalSection(SolutionConfigurationPlatforms) = preSolution
		Debug|Any CPU = Debug|Any CPU
		Release|Any CPU = Release|Any CPU
	EndGlobalSection
	GlobalSection(ProjectConfigurationPlatforms) = postSolution
		{6FBEA1E0-C5FB-4A12-9042-464373CD67E5}.Debug|Any CPU.ActiveCfg = Debug|Any CPU
		{6FBEA1E0-C5FB-4A12-9042-464373CD67E5}.Debug|Any CPU.Build.0 = Debug|Any CPU
		{6FBEA1E0-C5FB-4A12-9042-464373CD67E5}.Release|Any CPU.ActiveCfg = Release|Any CPU
		{6FBEA1E0-C5FB-4A12-9042-464373CD67E5}.Release|Any CPU.Build.0 = Release|Any CPU
		{7822BE59-7CC7-44CC-AFA0-625D8D998FDE}.Debug|Any CPU.ActiveCfg = Debug|Any CPU
		{7822BE59-7CC7-44CC-AFA0-625D8D998FDE}.Debug|Any CPU.Build.0 = Debug|Any CPU
		{7822BE59-7CC7-44CC-AFA0-625D8D998FDE}.Release|Any CPU.ActiveCfg = Release|Any CPU
		{7822BE59-7CC7-44CC-AFA0-625D8D998FDE}.Release|Any CPU.Build.0 = Release|Any CPU
		{BD8A0DB3-50EC-4CAB-A817-8A986692A2E5}.Debug|Any CPU.ActiveCfg = Debug|Any CPU
		{BD8A0DB3-50EC-4CAB-A817-8A986692A2E5}.Debug|Any CPU.Build.0 = Debug|Any CPU
		{BD8A0DB3-50EC-4CAB-A817-8A986692A2E5}.Release|Any CPU.ActiveCfg = Release|Any CPU
		{BD8A0DB3-50EC-4CAB-A817-8A986692A2E5}.Release|Any CPU.Build.0 = Release|Any CPU
		{CB532FBD-F345-4097-91DD-1DC2D07338BA}.Debug|Any CPU.ActiveCfg = Debug|Any CPU
		{CB532FBD-F345-4097-91DD-1DC2D07338BA}.Debug|Any CPU.Build.0 = Debug|Any CPU
		{CB532FBD-F345-4097-91DD-1DC2D07338BA}.Release|Any CPU.ActiveCfg = Release|Any CPU
		{CB532FBD-F345-4097-91DD-1DC2D07338BA}.Release|Any CPU.Build.0 = Release|Any CPU
		{C2388695-4FFA-426B-AF00-4409B921818C}.Debug|Any CPU.ActiveCfg = Debug|Any CPU
		{C2388695-4FFA-426B-AF00-4409B921818C}.Debug|Any CPU.Build.0 = Debug|Any CPU
		{C2388695-4FFA-426B-AF00-4409B921818C}.Release|Any CPU.ActiveCfg = Release|Any CPU
		{C2388695-4FFA-426B-AF00-4409B921818C}.Release|Any CPU.Build.0 = Release|Any CPU
		{69EA0367-55A5-4CD7-9786-3C9EBAB9C158}.Debug|Any CPU.ActiveCfg = Debug|Any CPU
		{69EA0367-55A5-4CD7-9786-3C9EBAB9C158}.Debug|Any CPU.Build.0 = Debug|Any CPU
		{69EA0367-55A5-4CD7-9786-3C9EBAB9C158}.Release|Any CPU.ActiveCfg = Release|Any CPU
		{69EA0367-55A5-4CD7-9786-3C9EBAB9C158}.Release|Any CPU.Build.0 = Release|Any CPU
		{3D19434F-B5FB-4A90-B8F7-2E6DF1AD0D77}.Debug|Any CPU.ActiveCfg = Debug|Any CPU
		{3D19434F-B5FB-4A90-B8F7-2E6DF1AD0D77}.Debug|Any CPU.Build.0 = Debug|Any CPU
		{3D19434F-B5FB-4A90-B8F7-2E6DF1AD0D77}.Release|Any CPU.ActiveCfg = Release|Any CPU
		{3D19434F-B5FB-4A90-B8F7-2E6DF1AD0D77}.Release|Any CPU.Build.0 = Release|Any CPU
		{BDA3A574-69AD-4A60-A53C-E8556882D4C2}.Debug|Any CPU.ActiveCfg = Debug|Any CPU
		{BDA3A574-69AD-4A60-A53C-E8556882D4C2}.Debug|Any CPU.Build.0 = Debug|Any CPU
		{BDA3A574-69AD-4A60-A53C-E8556882D4C2}.Release|Any CPU.ActiveCfg = Release|Any CPU
		{BDA3A574-69AD-4A60-A53C-E8556882D4C2}.Release|Any CPU.Build.0 = Release|Any CPU
		{35185F2A-C253-4EEB-8A64-FE753B827567}.Debug|Any CPU.ActiveCfg = Debug|Any CPU
		{35185F2A-C253-4EEB-8A64-FE753B827567}.Debug|Any CPU.Build.0 = Debug|Any CPU
		{35185F2A-C253-4EEB-8A64-FE753B827567}.Release|Any CPU.ActiveCfg = Release|Any CPU
		{35185F2A-C253-4EEB-8A64-FE753B827567}.Release|Any CPU.Build.0 = Release|Any CPU
	EndGlobalSection
	GlobalSection(SolutionProperties) = preSolution
		HideSolutionNode = FALSE
	EndGlobalSection
	GlobalSection(NestedProjects) = preSolution
		{6FBEA1E0-C5FB-4A12-9042-464373CD67E5} = {67DB168E-3A95-4099-8269-5FBCEF01A027}
		{7822BE59-7CC7-44CC-AFA0-625D8D998FDE} = {67DB168E-3A95-4099-8269-5FBCEF01A027}
		{BD8A0DB3-50EC-4CAB-A817-8A986692A2E5} = {67DB168E-3A95-4099-8269-5FBCEF01A027}
		{CB532FBD-F345-4097-91DD-1DC2D07338BA} = {F797475F-8D3A-4855-B347-841C45315292}
		{C2388695-4FFA-426B-AF00-4409B921818C} = {F797475F-8D3A-4855-B347-841C45315292}
		{69EA0367-55A5-4CD7-9786-3C9EBAB9C158} = {F797475F-8D3A-4855-B347-841C45315292}
		{3D19434F-B5FB-4A90-B8F7-2E6DF1AD0D77} = {B3C98026-883A-4E60-B815-DCEAB6024D6B}
		{BDA3A574-69AD-4A60-A53C-E8556882D4C2} = {B3C98026-883A-4E60-B815-DCEAB6024D6B}
		{35185F2A-C253-4EEB-8A64-FE753B827567} = {B3C98026-883A-4E60-B815-DCEAB6024D6B}
	EndGlobalSection
	GlobalSection(ExtensibilityGlobals) = postSolution
		SolutionGuid = {A3DA1A42-C73F-4970-A0DC-DBE61D1B608F}
	EndGlobalSection
EndGlobal
